// !$*UTF8*$!
{
	archiveVersion = 1;
	classes = {
	};
	objectVersion = 50;
	objects = {

/* Begin PBXBuildFile section */
		970CC57826DC192A00207E44 /* User.swift in Sources */ = {isa = PBXBuildFile; fileRef = 970CC57726DC192A00207E44 /* User.swift */; };
		970CC57C26DC193D00207E44 /* Group.swift in Sources */ = {isa = PBXBuildFile; fileRef = 970CC57B26DC193D00207E44 /* Group.swift */; };
		970CC58A26DC26C000207E44 /* UserCollectionViewCell.swift in Sources */ = {isa = PBXBuildFile; fileRef = 970CC58926DC26C000207E44 /* UserCollectionViewCell.swift */; };
		972E646726C5AA970044EF59 /* AppDelegate.swift in Sources */ = {isa = PBXBuildFile; fileRef = 972E646626C5AA970044EF59 /* AppDelegate.swift */; };
		972E646926C5AA970044EF59 /* SceneDelegate.swift in Sources */ = {isa = PBXBuildFile; fileRef = 972E646826C5AA970044EF59 /* SceneDelegate.swift */; };
		972E646B26C5AA970044EF59 /* LoginViewController.swift in Sources */ = {isa = PBXBuildFile; fileRef = 972E646A26C5AA970044EF59 /* LoginViewController.swift */; };
		972E646E26C5AA970044EF59 /* Main.storyboard in Resources */ = {isa = PBXBuildFile; fileRef = 972E646C26C5AA970044EF59 /* Main.storyboard */; };
		972E647026C5AA9A0044EF59 /* Assets.xcassets in Resources */ = {isa = PBXBuildFile; fileRef = 972E646F26C5AA9A0044EF59 /* Assets.xcassets */; };
		972E647326C5AA9A0044EF59 /* LaunchScreen.storyboard in Resources */ = {isa = PBXBuildFile; fileRef = 972E647126C5AA9A0044EF59 /* LaunchScreen.storyboard */; };
		972E648B26D117840044EF59 /* FriendsTableViewController.swift in Sources */ = {isa = PBXBuildFile; fileRef = 972E648A26D117840044EF59 /* FriendsTableViewController.swift */; };
		972E648E26D117930044EF59 /* GroupsTableViewController.swift in Sources */ = {isa = PBXBuildFile; fileRef = 972E648D26D117930044EF59 /* GroupsTableViewController.swift */; };
		972E649126D117A40044EF59 /* GroupTableViewController.swift in Sources */ = {isa = PBXBuildFile; fileRef = 972E649026D117A40044EF59 /* GroupTableViewController.swift */; };
		972E649426D117C10044EF59 /* FriendsPhotosCollectionViewController.swift in Sources */ = {isa = PBXBuildFile; fileRef = 972E649326D117C10044EF59 /* FriendsPhotosCollectionViewController.swift */; };
		974D2DFE26E1376D00459681 /* LikeControl.swift in Sources */ = {isa = PBXBuildFile; fileRef = 974D2DFD26E1376D00459681 /* LikeControl.swift */; };
/* End PBXBuildFile section */

/* Begin PBXFileReference section */
		970CC57726DC192A00207E44 /* User.swift */ = {isa = PBXFileReference; lastKnownFileType = sourcecode.swift; path = User.swift; sourceTree = "<group>"; };
		970CC57B26DC193D00207E44 /* Group.swift */ = {isa = PBXFileReference; lastKnownFileType = sourcecode.swift; path = Group.swift; sourceTree = "<group>"; };
		970CC58926DC26C000207E44 /* UserCollectionViewCell.swift */ = {isa = PBXFileReference; lastKnownFileType = sourcecode.swift; name = UserCollectionViewCell.swift; path = "VK App/Views/UserCollectionViewCell.swift"; sourceTree = SOURCE_ROOT; };
		972E646326C5AA970044EF59 /* VK App.app */ = {isa = PBXFileReference; explicitFileType = wrapper.application; includeInIndex = 0; path = "VK App.app"; sourceTree = BUILT_PRODUCTS_DIR; };
		972E646626C5AA970044EF59 /* AppDelegate.swift */ = {isa = PBXFileReference; lastKnownFileType = sourcecode.swift; path = AppDelegate.swift; sourceTree = "<group>"; };
		972E646826C5AA970044EF59 /* SceneDelegate.swift */ = {isa = PBXFileReference; lastKnownFileType = sourcecode.swift; path = SceneDelegate.swift; sourceTree = "<group>"; };
		972E646A26C5AA970044EF59 /* LoginViewController.swift */ = {isa = PBXFileReference; lastKnownFileType = sourcecode.swift; path = LoginViewController.swift; sourceTree = "<group>"; };
		972E646D26C5AA970044EF59 /* Base */ = {isa = PBXFileReference; lastKnownFileType = file.storyboard; name = Base; path = Base.lproj/Main.storyboard; sourceTree = "<group>"; };
		972E646F26C5AA9A0044EF59 /* Assets.xcassets */ = {isa = PBXFileReference; lastKnownFileType = folder.assetcatalog; path = Assets.xcassets; sourceTree = "<group>"; };
		972E647226C5AA9A0044EF59 /* Base */ = {isa = PBXFileReference; lastKnownFileType = file.storyboard; name = Base; path = Base.lproj/LaunchScreen.storyboard; sourceTree = "<group>"; };
		972E647426C5AA9A0044EF59 /* Info.plist */ = {isa = PBXFileReference; lastKnownFileType = text.plist.xml; path = Info.plist; sourceTree = "<group>"; };
		972E648A26D117840044EF59 /* FriendsTableViewController.swift */ = {isa = PBXFileReference; lastKnownFileType = sourcecode.swift; path = FriendsTableViewController.swift; sourceTree = "<group>"; };
		972E648D26D117930044EF59 /* GroupsTableViewController.swift */ = {isa = PBXFileReference; lastKnownFileType = sourcecode.swift; path = GroupsTableViewController.swift; sourceTree = "<group>"; };
		972E649026D117A40044EF59 /* GroupTableViewController.swift */ = {isa = PBXFileReference; lastKnownFileType = sourcecode.swift; path = GroupTableViewController.swift; sourceTree = "<group>"; };
		972E649326D117C10044EF59 /* FriendsPhotosCollectionViewController.swift */ = {isa = PBXFileReference; lastKnownFileType = sourcecode.swift; path = FriendsPhotosCollectionViewController.swift; sourceTree = "<group>"; };
		974D2DFD26E1376D00459681 /* LikeControl.swift */ = {isa = PBXFileReference; lastKnownFileType = sourcecode.swift; path = LikeControl.swift; sourceTree = "<group>"; };
/* End PBXFileReference section */

/* Begin PBXFrameworksBuildPhase section */
		972E646026C5AA970044EF59 /* Frameworks */ = {
			isa = PBXFrameworksBuildPhase;
			buildActionMask = 2147483647;
			files = (
			);
			runOnlyForDeploymentPostprocessing = 0;
		};
/* End PBXFrameworksBuildPhase section */

/* Begin PBXGroup section */
		970CC57626DC191A00207E44 /* Models */ = {
			isa = PBXGroup;
			children = (
				970CC57726DC192A00207E44 /* User.swift */,
				970CC57B26DC193D00207E44 /* Group.swift */,
			);
			path = Models;
			sourceTree = "<group>";
		};
		972E645A26C5AA970044EF59 = {
			isa = PBXGroup;
			children = (
				972E646526C5AA970044EF59 /* VK App */,
				972E646426C5AA970044EF59 /* Products */,
			);
			sourceTree = "<group>";
		};
		972E646426C5AA970044EF59 /* Products */ = {
			isa = PBXGroup;
			children = (
				972E646326C5AA970044EF59 /* VK App.app */,
			);
			name = Products;
			sourceTree = "<group>";
		};
		972E646526C5AA970044EF59 /* VK App */ = {
			isa = PBXGroup;
			children = (
				974D2DFC26E1373600459681 /* Reuse */,
				972E646626C5AA970044EF59 /* AppDelegate.swift */,
				972E646826C5AA970044EF59 /* SceneDelegate.swift */,
				970CC57626DC191A00207E44 /* Models */,
				972E648626D110200044EF59 /* Controllers */,
				972E648826D1102D0044EF59 /* Views */,
				972E646F26C5AA9A0044EF59 /* Assets.xcassets */,
				972E647126C5AA9A0044EF59 /* LaunchScreen.storyboard */,
				972E647426C5AA9A0044EF59 /* Info.plist */,
			);
			path = "VK App";
			sourceTree = "<group>";
		};
		972E648626D110200044EF59 /* Controllers */ = {
			isa = PBXGroup;
			children = (
				972E646A26C5AA970044EF59 /* LoginViewController.swift */,
				972E648D26D117930044EF59 /* GroupsTableViewController.swift */,
				972E649026D117A40044EF59 /* GroupTableViewController.swift */,
				972E648A26D117840044EF59 /* FriendsTableViewController.swift */,
				972E649326D117C10044EF59 /* FriendsPhotosCollectionViewController.swift */,
				970CC58926DC26C000207E44 /* UserCollectionViewCell.swift */,
			);
			path = Controllers;
			sourceTree = "<group>";
		};
		972E648826D1102D0044EF59 /* Views */ = {
			isa = PBXGroup;
			children = (
				972E646C26C5AA970044EF59 /* Main.storyboard */,
			);
			path = Views;
			sourceTree = "<group>";
		};
		974D2DFC26E1373600459681 /* Reuse */ = {
			isa = PBXGroup;
			children = (
				974D2DFD26E1376D00459681 /* LikeControl.swift */,
			);
			path = Reuse;
			sourceTree = "<group>";
		};
/* End PBXGroup section */

/* Begin PBXNativeTarget section */
		972E646226C5AA970044EF59 /* VK App */ = {
			isa = PBXNativeTarget;
			buildConfigurationList = 972E647726C5AA9A0044EF59 /* Build configuration list for PBXNativeTarget "VK App" */;
			buildPhases = (
				972E645F26C5AA970044EF59 /* Sources */,
				972E646026C5AA970044EF59 /* Frameworks */,
				972E646126C5AA970044EF59 /* Resources */,
			);
			buildRules = (
			);
			dependencies = (
			);
			name = "VK App";
			productName = "VK App";
			productReference = 972E646326C5AA970044EF59 /* VK App.app */;
			productType = "com.apple.product-type.application";
		};
/* End PBXNativeTarget section */

/* Begin PBXProject section */
		972E645B26C5AA970044EF59 /* Project object */ = {
			isa = PBXProject;
			attributes = {
				LastSwiftUpdateCheck = 1240;
				LastUpgradeCheck = 1240;
				TargetAttributes = {
					972E646226C5AA970044EF59 = {
						CreatedOnToolsVersion = 12.4;
					};
				};
			};
			buildConfigurationList = 972E645E26C5AA970044EF59 /* Build configuration list for PBXProject "VK App" */;
			compatibilityVersion = "Xcode 9.3";
			developmentRegion = en;
			hasScannedForEncodings = 0;
			knownRegions = (
				en,
				Base,
			);
			mainGroup = 972E645A26C5AA970044EF59;
			productRefGroup = 972E646426C5AA970044EF59 /* Products */;
			projectDirPath = "";
			projectRoot = "";
			targets = (
				972E646226C5AA970044EF59 /* VK App */,
			);
		};
/* End PBXProject section */

/* Begin PBXResourcesBuildPhase section */
		972E646126C5AA970044EF59 /* Resources */ = {
			isa = PBXResourcesBuildPhase;
			buildActionMask = 2147483647;
			files = (
				972E647326C5AA9A0044EF59 /* LaunchScreen.storyboard in Resources */,
				972E647026C5AA9A0044EF59 /* Assets.xcassets in Resources */,
				972E646E26C5AA970044EF59 /* Main.storyboard in Resources */,
			);
			runOnlyForDeploymentPostprocessing = 0;
		};
/* End PBXResourcesBuildPhase section */

/* Begin PBXSourcesBuildPhase section */
		972E645F26C5AA970044EF59 /* Sources */ = {
			isa = PBXSourcesBuildPhase;
			buildActionMask = 2147483647;
			files = (
				970CC57C26DC193D00207E44 /* Group.swift in Sources */,
				972E646B26C5AA970044EF59 /* LoginViewController.swift in Sources */,
				972E648E26D117930044EF59 /* GroupsTableViewController.swift in Sources */,
				972E646726C5AA970044EF59 /* AppDelegate.swift in Sources */,
				972E648B26D117840044EF59 /* FriendsTableViewController.swift in Sources */,
				970CC57826DC192A00207E44 /* User.swift in Sources */,
				972E649426D117C10044EF59 /* FriendsPhotosCollectionViewController.swift in Sources */,
				972E646926C5AA970044EF59 /* SceneDelegate.swift in Sources */,
				974D2DFE26E1376D00459681 /* LikeControl.swift in Sources */,
				972E649126D117A40044EF59 /* GroupTableViewController.swift in Sources */,
				970CC58A26DC26C000207E44 /* UserCollectionViewCell.swift in Sources */,
			);
			runOnlyForDeploymentPostprocessing = 0;
		};
/* End PBXSourcesBuildPhase section */

/* Begin PBXVariantGroup section */
		972E646C26C5AA970044EF59 /* Main.storyboard */ = {
			isa = PBXVariantGroup;
			children = (
				972E646D26C5AA970044EF59 /* Base */,
			);
			name = Main.storyboard;
			sourceTree = "<group>";
		};
		972E647126C5AA9A0044EF59 /* LaunchScreen.storyboard */ = {
			isa = PBXVariantGroup;
			children = (
				972E647226C5AA9A0044EF59 /* Base */,
			);
			name = LaunchScreen.storyboard;
			sourceTree = "<group>";
		};
/* End PBXVariantGroup section */

/* Begin XCBuildConfiguration section */
		972E647526C5AA9A0044EF59 /* Debug */ = {
			isa = XCBuildConfiguration;
			buildSettings = {
				ALWAYS_SEARCH_USER_PATHS = NO;
				CLANG_ANALYZER_NONNULL = YES;
				CLANG_ANALYZER_NUMBER_OBJECT_CONVERSION = YES_AGGRESSIVE;
				CLANG_CXX_LANGUAGE_STANDARD = "gnu++14";
				CLANG_CXX_LIBRARY = "libc++";
				CLANG_ENABLE_MODULES = YES;
				CLANG_ENABLE_OBJC_ARC = YES;
				CLANG_ENABLE_OBJC_WEAK = YES;
				CLANG_WARN_BLOCK_CAPTURE_AUTORELEASING = YES;
				CLANG_WARN_BOOL_CONVERSION = YES;
				CLANG_WARN_COMMA = YES;
				CLANG_WARN_CONSTANT_CONVERSION = YES;
				CLANG_WARN_DEPRECATED_OBJC_IMPLEMENTATIONS = YES;
				CLANG_WARN_DIRECT_OBJC_ISA_USAGE = YES_ERROR;
				CLANG_WARN_DOCUMENTATION_COMMENTS = YES;
				CLANG_WARN_EMPTY_BODY = YES;
				CLANG_WARN_ENUM_CONVERSION = YES;
				CLANG_WARN_INFINITE_RECURSION = YES;
				CLANG_WARN_INT_CONVERSION = YES;
				CLANG_WARN_NON_LITERAL_NULL_CONVERSION = YES;
				CLANG_WARN_OBJC_IMPLICIT_RETAIN_SELF = YES;
				CLANG_WARN_OBJC_LITERAL_CONVERSION = YES;
				CLANG_WARN_OBJC_ROOT_CLASS = YES_ERROR;
				CLANG_WARN_QUOTED_INCLUDE_IN_FRAMEWORK_HEADER = YES;
				CLANG_WARN_RANGE_LOOP_ANALYSIS = YES;
				CLANG_WARN_STRICT_PROTOTYPES = YES;
				CLANG_WARN_SUSPICIOUS_MOVE = YES;
				CLANG_WARN_UNGUARDED_AVAILABILITY = YES_AGGRESSIVE;
				CLANG_WARN_UNREACHABLE_CODE = YES;
				CLANG_WARN__DUPLICATE_METHOD_MATCH = YES;
				COPY_PHASE_STRIP = NO;
				DEBUG_INFORMATION_FORMAT = dwarf;
				ENABLE_STRICT_OBJC_MSGSEND = YES;
				ENABLE_TESTABILITY = YES;
				GCC_C_LANGUAGE_STANDARD = gnu11;
				GCC_DYNAMIC_NO_PIC = NO;
				GCC_NO_COMMON_BLOCKS = YES;
				GCC_OPTIMIZATION_LEVEL = 0;
				GCC_PREPROCESSOR_DEFINITIONS = (
					"DEBUG=1",
					"$(inherited)",
				);
				GCC_WARN_64_TO_32_BIT_CONVERSION = YES;
				GCC_WARN_ABOUT_RETURN_TYPE = YES_ERROR;
				GCC_WARN_UNDECLARED_SELECTOR = YES;
				GCC_WARN_UNINITIALIZED_AUTOS = YES_AGGRESSIVE;
				GCC_WARN_UNUSED_FUNCTION = YES;
				GCC_WARN_UNUSED_VARIABLE = YES;
				IPHONEOS_DEPLOYMENT_TARGET = 14.4;
				MTL_ENABLE_DEBUG_INFO = INCLUDE_SOURCE;
				MTL_FAST_MATH = YES;
				ONLY_ACTIVE_ARCH = YES;
				SDKROOT = iphoneos;
				SWIFT_ACTIVE_COMPILATION_CONDITIONS = DEBUG;
				SWIFT_OPTIMIZATION_LEVEL = "-Onone";
			};
			name = Debug;
		};
		972E647626C5AA9A0044EF59 /* Release */ = {
			isa = XCBuildConfiguration;
			buildSettings = {
				ALWAYS_SEARCH_USER_PATHS = NO;
				CLANG_ANALYZER_NONNULL = YES;
				CLANG_ANALYZER_NUMBER_OBJECT_CONVERSION = YES_AGGRESSIVE;
				CLANG_CXX_LANGUAGE_STANDARD = "gnu++14";
				CLANG_CXX_LIBRARY = "libc++";
				CLANG_ENABLE_MODULES = YES;
				CLANG_ENABLE_OBJC_ARC = YES;
				CLANG_ENABLE_OBJC_WEAK = YES;
				CLANG_WARN_BLOCK_CAPTURE_AUTORELEASING = YES;
				CLANG_WARN_BOOL_CONVERSION = YES;
				CLANG_WARN_COMMA = YES;
				CLANG_WARN_CONSTANT_CONVERSION = YES;
				CLANG_WARN_DEPRECATED_OBJC_IMPLEMENTATIONS = YES;
				CLANG_WARN_DIRECT_OBJC_ISA_USAGE = YES_ERROR;
				CLANG_WARN_DOCUMENTATION_COMMENTS = YES;
				CLANG_WARN_EMPTY_BODY = YES;
				CLANG_WARN_ENUM_CONVERSION = YES;
				CLANG_WARN_INFINITE_RECURSION = YES;
				CLANG_WARN_INT_CONVERSION = YES;
				CLANG_WARN_NON_LITERAL_NULL_CONVERSION = YES;
				CLANG_WARN_OBJC_IMPLICIT_RETAIN_SELF = YES;
				CLANG_WARN_OBJC_LITERAL_CONVERSION = YES;
				CLANG_WARN_OBJC_ROOT_CLASS = YES_ERROR;
				CLANG_WARN_QUOTED_INCLUDE_IN_FRAMEWORK_HEADER = YES;
				CLANG_WARN_RANGE_LOOP_ANALYSIS = YES;
				CLANG_WARN_STRICT_PROTOTYPES = YES;
				CLANG_WARN_SUSPICIOUS_MOVE = YES;
				CLANG_WARN_UNGUARDED_AVAILABILITY = YES_AGGRESSIVE;
				CLANG_WARN_UNREACHABLE_CODE = YES;
				CLANG_WARN__DUPLICATE_METHOD_MATCH = YES;
				COPY_PHASE_STRIP = NO;
				DEBUG_INFORMATION_FORMAT = "dwarf-with-dsym";
				ENABLE_NS_ASSERTIONS = NO;
				ENABLE_STRICT_OBJC_MSGSEND = YES;
				GCC_C_LANGUAGE_STANDARD = gnu11;
				GCC_NO_COMMON_BLOCKS = YES;
				GCC_WARN_64_TO_32_BIT_CONVERSION = YES;
				GCC_WARN_ABOUT_RETURN_TYPE = YES_ERROR;
				GCC_WARN_UNDECLARED_SELECTOR = YES;
				GCC_WARN_UNINITIALIZED_AUTOS = YES_AGGRESSIVE;
				GCC_WARN_UNUSED_FUNCTION = YES;
				GCC_WARN_UNUSED_VARIABLE = YES;
				IPHONEOS_DEPLOYMENT_TARGET = 14.4;
				MTL_ENABLE_DEBUG_INFO = NO;
				MTL_FAST_MATH = YES;
				SDKROOT = iphoneos;
				SWIFT_COMPILATION_MODE = wholemodule;
				SWIFT_OPTIMIZATION_LEVEL = "-O";
				VALIDATE_PRODUCT = YES;
			};
			name = Release;
		};
		972E647826C5AA9A0044EF59 /* Debug */ = {
			isa = XCBuildConfiguration;
			buildSettings = {
				ASSETCATALOG_COMPILER_APPICON_NAME = AppIcon;
				ASSETCATALOG_COMPILER_GLOBAL_ACCENT_COLOR_NAME = AccentColor;
				CODE_SIGN_IDENTITY = "Apple Development";
				CODE_SIGN_STYLE = Automatic;
				DEVELOPMENT_TEAM = "";
				INFOPLIST_FILE = "VK App/Info.plist";
				LD_RUNPATH_SEARCH_PATHS = (
					"$(inherited)",
					"@executable_path/Frameworks",
				);
				PRODUCT_BUNDLE_IDENTIFIER = "net.kizey.VK-App";
				PRODUCT_NAME = "$(TARGET_NAME)";
				PROVISIONING_PROFILE_SPECIFIER = "";
				SWIFT_VERSION = 5.0;
				TARGETED_DEVICE_FAMILY = "1,2";
			};
			name = Debug;
		};
		972E647926C5AA9A0044EF59 /* Release */ = {
			isa = XCBuildConfiguration;
			buildSettings = {
				ASSETCATALOG_COMPILER_APPICON_NAME = AppIcon;
				ASSETCATALOG_COMPILER_GLOBAL_ACCENT_COLOR_NAME = AccentColor;
				CODE_SIGN_IDENTITY = "Apple Development";
				CODE_SIGN_STYLE = Automatic;
				DEVELOPMENT_TEAM = "";
				INFOPLIST_FILE = "VK App/Info.plist";
				LD_RUNPATH_SEARCH_PATHS = (
					"$(inherited)",
					"@executable_path/Frameworks",
				);
				PRODUCT_BUNDLE_IDENTIFIER = "net.kizey.VK-App";
				PRODUCT_NAME = "$(TARGET_NAME)";
				PROVISIONING_PROFILE_SPECIFIER = "";
				SWIFT_VERSION = 5.0;
				TARGETED_DEVICE_FAMILY = "1,2";
			};
			name = Release;
		};
/* End XCBuildConfiguration section */

/* Begin XCConfigurationList section */
		972E645E26C5AA970044EF59 /* Build configuration list for PBXProject "VK App" */ = {
			isa = XCConfigurationList;
			buildConfigurations = (
				972E647526C5AA9A0044EF59 /* Debug */,
				972E647626C5AA9A0044EF59 /* Release */,
			);
			defaultConfigurationIsVisible = 0;
			defaultConfigurationName = Release;
		};
		972E647726C5AA9A0044EF59 /* Build configuration list for PBXNativeTarget "VK App" */ = {
			isa = XCConfigurationList;
			buildConfigurations = (
				972E647826C5AA9A0044EF59 /* Debug */,
				972E647926C5AA9A0044EF59 /* Release */,
			);
			defaultConfigurationIsVisible = 0;
			defaultConfigurationName = Release;
		};
/* End XCConfigurationList section */
	};
	rootObject = 972E645B26C5AA970044EF59 /* Project object */;
}
